
Microsoft Visual Studio Solution File, Format Version 12.00
# Visual Studio Version 16
VisualStudioVersion = 16.0.34031.81
MinimumVisualStudioVersion = 10.0.40219.1
Project("{FAE04EC0-301F-11D3-BF4B-00C04F79EFBC}") = "DanhSachLienKetDon", "DanhSachLienKetDon\DanhSachLienKetDon.csproj", "{977DF599-AEAD-4594-9CAA-62D19EDDCE25}"
EndProject
Global
	GlobalSection(SolutionConfigurationPlatforms) = preSolution
		Debug|Any CPU = Debug|Any CPU
		Release|Any CPU = Release|Any CPU
	EndGlobalSection
	GlobalSection(ProjectConfigurationPlatforms) = postSolution
		{977DF599-AEAD-4594-9CAA-62D19EDDCE25}.Debug|Any CPU.ActiveCfg = Debug|Any CPU
		{977DF599-AEAD-4594-9CAA-62D19EDDCE25}.Debug|Any CPU.Build.0 = Debug|Any CPU
		{977DF599-AEAD-4594-9CAA-62D19EDDCE25}.Release|Any CPU.ActiveCfg = Release|Any CPU
		{977DF599-AEAD-4594-9CAA-62D19EDDCE25}.Release|Any CPU.Build.0 = Release|Any CPU
	EndGlobalSection
	GlobalSection(SolutionProperties) = preSolution
		HideSolutionNode = FALSE
	EndGlobalSection
	GlobalSection(ExtensibilityGlobals) = postSolution
		SolutionGuid = {16F06770-62E8-4A1D-8FAB-34A8732F8B5D}
	EndGlobalSection
EndGlobal
